<?xml version="1.0" encoding="utf-8"?>
<Project ToolsVersion="4.0" xmlns="http://schemas.microsoft.com/developer/msbuild/2003">
  <ItemGroup>
    <Filter Include="include">
      <UniqueIdentifier>{e011c911-30e1-479f-b949-d0573c95b5d6}</UniqueIdentifier>
    </Filter>
    <Filter Include="src">
      <UniqueIdentifier>{709541ec-6b33-417f-a0eb-631ad4deec9b}</UniqueIdentifier>
    </Filter>
  </ItemGroup>
  <ItemGroup>
    <ClInclude Include="..\..\include\PxTkBmpLoader.h">
      <Filter>include</Filter>
    </ClInclude>
    <ClInclude Include="..\..\include\PxTkFPS.h">
      <Filter>include</Filter>
    </ClInclude>
    <ClInclude Include="..\..\include\PxTkMatrixUtils.h">
      <Filter>include</Filter>
    </ClInclude>
    <ClInclude Include="..\..\include\PxTkNamespaceMangle.h">
      <Filter>include</Filter>
    </ClInclude>
    <ClInclude Include="..\..\include\PxTkRandom.h">
      <Filter>include</Filter>
    </ClInclude>
    <ClInclude Include="..\..\include\PxTkStream.h">
      <Filter>include</Filter>
    </ClInclude>
    <ClInclude Include="..\..\include\PxToolkit.h">
      <Filter>include</Filter>
    </ClInclude>
  </ItemGroup>
  <ItemGroup>
    <ClCompile Include="..\..\src\PxTkBmpLoader.cpp">
      <Filter>src</Filter>
    </ClCompile>
    <ClCompile Include="..\..\src\PxTkFPS.cpp">
      <Filter>src</Filter>
    </ClCompile>
    <ClCompile Include="..\..\src\PxTkMatrixUtils.cpp">
      <Filter>src</Filter>
    </ClCompile>
    <ClCompile Include="..\..\src\PxTkRandom.cpp">
      <Filter>src</Filter>
    </ClCompile>
    <ClCompile Include="..\..\src\PxTkStream.cpp">
      <Filter>src</Filter>
    </ClCompile>
  </ItemGroup>
</Project>